
Microsoft Visual Studio Solution File, Format Version 12.00
# Visual Studio Version 16
VisualStudioVersion = 16.0.30114.105
MinimumVisualStudioVersion = 10.0.40219.1
Project("{FAE04EC0-301F-11D3-BF4B-00C04F79EFBC}") = "ITMO.CS.WinApp.LabWork7.Task1.WinBackgroudWorker", "ITMO.CS.WinApp.LabWork7.Task1.WinBackgroudWorker\ITMO.CS.WinApp.LabWork7.Task1.WinBackgroudWorker.csproj", "{B28E3BA4-54BA-428C-B294-62E7630CF868}"
EndProject
Project("{FAE04EC0-301F-11D3-BF4B-00C04F79EFBC}") = "ITMO.CS.WinApp.LabWork7.Task2.WinAsynchDelegate", "ITMO.CS.WinApp.LabWork7.Task2.WinAsynchDelegate\ITMO.CS.WinApp.LabWork7.Task2.WinAsynchDelegate.csproj", "{DE29BE0D-2A3A-477D-AD19-89301F57F322}"
EndProject
Project("{FAE04EC0-301F-11D3-BF4B-00C04F79EFBC}") = "ITMO.CS.WinApp.LabWork7.Task3.WinAsynchMethod", "ITMO.CS.WinApp.LabWork7.Task3.WinAsynchMethod\ITMO.CS.WinApp.LabWork7.Task3.WinAsynchMethod.csproj", "{2410EBEA-86BE-41FC-9A71-3E8AB208183D}"
EndProject
Global
	GlobalSection(SolutionConfigurationPlatforms) = preSolution
		Debug|Any CPU = Debug|Any CPU
		Release|Any CPU = Release|Any CPU
	EndGlobalSection
	GlobalSection(ProjectConfigurationPlatforms) = postSolution
		{B28E3BA4-54BA-428C-B294-62E7630CF868}.Debug|Any CPU.ActiveCfg = Debug|Any CPU
		{B28E3BA4-54BA-428C-B294-62E7630CF868}.Debug|Any CPU.Build.0 = Debug|Any CPU
		{B28E3BA4-54BA-428C-B294-62E7630CF868}.Release|Any CPU.ActiveCfg = Release|Any CPU
		{B28E3BA4-54BA-428C-B294-62E7630CF868}.Release|Any CPU.Build.0 = Release|Any CPU
		{DE29BE0D-2A3A-477D-AD19-89301F57F322}.Debug|Any CPU.ActiveCfg = Debug|Any CPU
		{DE29BE0D-2A3A-477D-AD19-89301F57F322}.Debug|Any CPU.Build.0 = Debug|Any CPU
		{DE29BE0D-2A3A-477D-AD19-89301F57F322}.Release|Any CPU.ActiveCfg = Release|Any CPU
		{DE29BE0D-2A3A-477D-AD19-89301F57F322}.Release|Any CPU.Build.0 = Release|Any CPU
		{2410EBEA-86BE-41FC-9A71-3E8AB208183D}.Debug|Any CPU.ActiveCfg = Debug|Any CPU
		{2410EBEA-86BE-41FC-9A71-3E8AB208183D}.Debug|Any CPU.Build.0 = Debug|Any CPU
		{2410EBEA-86BE-41FC-9A71-3E8AB208183D}.Release|Any CPU.ActiveCfg = Release|Any CPU
		{2410EBEA-86BE-41FC-9A71-3E8AB208183D}.Release|Any CPU.Build.0 = Release|Any CPU
	EndGlobalSection
	GlobalSection(SolutionProperties) = preSolution
		HideSolutionNode = FALSE
	EndGlobalSection
	GlobalSection(ExtensibilityGlobals) = postSolution
		SolutionGuid = {148B7752-BD8F-485B-96B6-5790B28C854B}
	EndGlobalSection
EndGlobal
