
Microsoft Visual Studio Solution File, Format Version 12.00
# Visual Studio Version 16
VisualStudioVersion = 16.0.30114.105
MinimumVisualStudioVersion = 10.0.40219.1
Project("{FAE04EC0-301F-11D3-BF4B-00C04F79EFBC}") = "ITMO.CS.WinApp.LabWork9.Task1.CalculatorEngine", "ITMO.CS.WinApp.LabWork9.Task1.CalculatorEngine\ITMO.CS.WinApp.LabWork9.Task1.CalculatorEngine.csproj", "{429B62D7-A754-484E-90B9-FA28D0CEC101}"
EndProject
Project("{FAE04EC0-301F-11D3-BF4B-00C04F79EFBC}") = "ITMO.CS.WinApp.LabWork9.Task1.WindowsCalculator", "ITMO.CS.WinApp.LabWork9.Task1.WindowsCalculator\ITMO.CS.WinApp.LabWork9.Task1.WindowsCalculator.csproj", "{C820006B-5567-4930-A4C4-4F70F613ACBB}"
EndProject
Project("{FAE04EC0-301F-11D3-BF4B-00C04F79EFBC}") = "ITMO.CS.WinApp.LabWork9.Task2.CalculatorEngine", "ITMO.CS.WinApp.LabWork9.Task2.CalculatorEngine\ITMO.CS.WinApp.LabWork9.Task2.CalculatorEngine.csproj", "{F766244B-E5E1-4F94-A475-858E556989F8}"
EndProject
Project("{FAE04EC0-301F-11D3-BF4B-00C04F79EFBC}") = "ITMO.CS.WinApp.LabWork9.Task2.WindowsCalculator", "ITMO.CS.WinApp.LabWork9.Task2.WindowsCalculator\ITMO.CS.WinApp.LabWork9.Task2.WindowsCalculator.csproj", "{EFE20A9D-2EEF-48B8-9E26-B34A78287B71}"
EndProject
Project("{FAE04EC0-301F-11D3-BF4B-00C04F79EFBC}") = "ITMO.CS.WinApp.LabWork9.Task3.CalculatorEngine", "ITMO.CS.WinApp.LabWork9.Task3.CalculatorEngine\ITMO.CS.WinApp.LabWork9.Task3.CalculatorEngine.csproj", "{F9DA50D8-6962-40FC-A9E1-71F5C34D757E}"
EndProject
Project("{FAE04EC0-301F-11D3-BF4B-00C04F79EFBC}") = "ITMO.CS.WinApp.LabWork9.Task3.WindowsCalculator", "ITMO.CS.WinApp.LabWork9.Task3.WindowsCalculator\ITMO.CS.WinApp.LabWork9.Task3.WindowsCalculator.csproj", "{1478E351-C392-4444-B61D-B5163D48598E}"
EndProject
Project("{54435603-DBB4-11D2-8724-00A0C9A8B90C}") = "ITMO.CS.WinApp.LabWork9.Task4.WinCalc", "ITMO.CS.WinApp.LabWork9.Task4.WinCalc\ITMO.CS.WinApp.LabWork9.Task4.WinCalc.vdproj", "{81F25427-CC32-4D3B-925A-5580B16E4D65}"
EndProject
Global
	GlobalSection(SolutionConfigurationPlatforms) = preSolution
		Debug|Any CPU = Debug|Any CPU
		Debug|ARM = Debug|ARM
		Debug|ARM64 = Debug|ARM64
		Debug|x64 = Debug|x64
		Debug|x86 = Debug|x86
		Release|Any CPU = Release|Any CPU
		Release|ARM = Release|ARM
		Release|ARM64 = Release|ARM64
		Release|x64 = Release|x64
		Release|x86 = Release|x86
	EndGlobalSection
	GlobalSection(ProjectConfigurationPlatforms) = postSolution
		{429B62D7-A754-484E-90B9-FA28D0CEC101}.Debug|Any CPU.ActiveCfg = Debug|Any CPU
		{429B62D7-A754-484E-90B9-FA28D0CEC101}.Debug|Any CPU.Build.0 = Debug|Any CPU
		{429B62D7-A754-484E-90B9-FA28D0CEC101}.Debug|ARM.ActiveCfg = Debug|Any CPU
		{429B62D7-A754-484E-90B9-FA28D0CEC101}.Debug|ARM.Build.0 = Debug|Any CPU
		{429B62D7-A754-484E-90B9-FA28D0CEC101}.Debug|ARM64.ActiveCfg = Debug|Any CPU
		{429B62D7-A754-484E-90B9-FA28D0CEC101}.Debug|ARM64.Build.0 = Debug|Any CPU
		{429B62D7-A754-484E-90B9-FA28D0CEC101}.Debug|x64.ActiveCfg = Debug|Any CPU
		{429B62D7-A754-484E-90B9-FA28D0CEC101}.Debug|x64.Build.0 = Debug|Any CPU
		{429B62D7-A754-484E-90B9-FA28D0CEC101}.Debug|x86.ActiveCfg = Debug|Any CPU
		{429B62D7-A754-484E-90B9-FA28D0CEC101}.Debug|x86.Build.0 = Debug|Any CPU
		{429B62D7-A754-484E-90B9-FA28D0CEC101}.Release|Any CPU.ActiveCfg = Release|Any CPU
		{429B62D7-A754-484E-90B9-FA28D0CEC101}.Release|Any CPU.Build.0 = Release|Any CPU
		{429B62D7-A754-484E-90B9-FA28D0CEC101}.Release|ARM.ActiveCfg = Release|Any CPU
		{429B62D7-A754-484E-90B9-FA28D0CEC101}.Release|ARM.Build.0 = Release|Any CPU
		{429B62D7-A754-484E-90B9-FA28D0CEC101}.Release|ARM64.ActiveCfg = Release|Any CPU
		{429B62D7-A754-484E-90B9-FA28D0CEC101}.Release|ARM64.Build.0 = Release|Any CPU
		{429B62D7-A754-484E-90B9-FA28D0CEC101}.Release|x64.ActiveCfg = Release|Any CPU
		{429B62D7-A754-484E-90B9-FA28D0CEC101}.Release|x64.Build.0 = Release|Any CPU
		{429B62D7-A754-484E-90B9-FA28D0CEC101}.Release|x86.ActiveCfg = Release|Any CPU
		{429B62D7-A754-484E-90B9-FA28D0CEC101}.Release|x86.Build.0 = Release|Any CPU
		{C820006B-5567-4930-A4C4-4F70F613ACBB}.Debug|Any CPU.ActiveCfg = Debug|Any CPU
		{C820006B-5567-4930-A4C4-4F70F613ACBB}.Debug|Any CPU.Build.0 = Debug|Any CPU
		{C820006B-5567-4930-A4C4-4F70F613ACBB}.Debug|ARM.ActiveCfg = Debug|Any CPU
		{C820006B-5567-4930-A4C4-4F70F613ACBB}.Debug|ARM.Build.0 = Debug|Any CPU
		{C820006B-5567-4930-A4C4-4F70F613ACBB}.Debug|ARM64.ActiveCfg = Debug|Any CPU
		{C820006B-5567-4930-A4C4-4F70F613ACBB}.Debug|ARM64.Build.0 = Debug|Any CPU
		{C820006B-5567-4930-A4C4-4F70F613ACBB}.Debug|x64.ActiveCfg = Debug|Any CPU
		{C820006B-5567-4930-A4C4-4F70F613ACBB}.Debug|x64.Build.0 = Debug|Any CPU
		{C820006B-5567-4930-A4C4-4F70F613ACBB}.Debug|x86.ActiveCfg = Debug|Any CPU
		{C820006B-5567-4930-A4C4-4F70F613ACBB}.Debug|x86.Build.0 = Debug|Any CPU
		{C820006B-5567-4930-A4C4-4F70F613ACBB}.Release|Any CPU.ActiveCfg = Release|Any CPU
		{C820006B-5567-4930-A4C4-4F70F613ACBB}.Release|Any CPU.Build.0 = Release|Any CPU
		{C820006B-5567-4930-A4C4-4F70F613ACBB}.Release|ARM.ActiveCfg = Release|Any CPU
		{C820006B-5567-4930-A4C4-4F70F613ACBB}.Release|ARM.Build.0 = Release|Any CPU
		{C820006B-5567-4930-A4C4-4F70F613ACBB}.Release|ARM64.ActiveCfg = Release|Any CPU
		{C820006B-5567-4930-A4C4-4F70F613ACBB}.Release|ARM64.Build.0 = Release|Any CPU
		{C820006B-5567-4930-A4C4-4F70F613ACBB}.Release|x64.ActiveCfg = Release|Any CPU
		{C820006B-5567-4930-A4C4-4F70F613ACBB}.Release|x64.Build.0 = Release|Any CPU
		{C820006B-5567-4930-A4C4-4F70F613ACBB}.Release|x86.ActiveCfg = Release|Any CPU
		{C820006B-5567-4930-A4C4-4F70F613ACBB}.Release|x86.Build.0 = Release|Any CPU
		{F766244B-E5E1-4F94-A475-858E556989F8}.Debug|Any CPU.ActiveCfg = Debug|Any CPU
		{F766244B-E5E1-4F94-A475-858E556989F8}.Debug|Any CPU.Build.0 = Debug|Any CPU
		{F766244B-E5E1-4F94-A475-858E556989F8}.Debug|ARM.ActiveCfg = Debug|Any CPU
		{F766244B-E5E1-4F94-A475-858E556989F8}.Debug|ARM.Build.0 = Debug|Any CPU
		{F766244B-E5E1-4F94-A475-858E556989F8}.Debug|ARM64.ActiveCfg = Debug|Any CPU
		{F766244B-E5E1-4F94-A475-858E556989F8}.Debug|ARM64.Build.0 = Debug|Any CPU
		{F766244B-E5E1-4F94-A475-858E556989F8}.Debug|x64.ActiveCfg = Debug|Any CPU
		{F766244B-E5E1-4F94-A475-858E556989F8}.Debug|x64.Build.0 = Debug|Any CPU
		{F766244B-E5E1-4F94-A475-858E556989F8}.Debug|x86.ActiveCfg = Debug|Any CPU
		{F766244B-E5E1-4F94-A475-858E556989F8}.Debug|x86.Build.0 = Debug|Any CPU
		{F766244B-E5E1-4F94-A475-858E556989F8}.Release|Any CPU.ActiveCfg = Release|Any CPU
		{F766244B-E5E1-4F94-A475-858E556989F8}.Release|Any CPU.Build.0 = Release|Any CPU
		{F766244B-E5E1-4F94-A475-858E556989F8}.Release|ARM.ActiveCfg = Release|Any CPU
		{F766244B-E5E1-4F94-A475-858E556989F8}.Release|ARM.Build.0 = Release|Any CPU
		{F766244B-E5E1-4F94-A475-858E556989F8}.Release|ARM64.ActiveCfg = Release|Any CPU
		{F766244B-E5E1-4F94-A475-858E556989F8}.Release|ARM64.Build.0 = Release|Any CPU
		{F766244B-E5E1-4F94-A475-858E556989F8}.Release|x64.ActiveCfg = Release|Any CPU
		{F766244B-E5E1-4F94-A475-858E556989F8}.Release|x64.Build.0 = Release|Any CPU
		{F766244B-E5E1-4F94-A475-858E556989F8}.Release|x86.ActiveCfg = Release|Any CPU
		{F766244B-E5E1-4F94-A475-858E556989F8}.Release|x86.Build.0 = Release|Any CPU
		{EFE20A9D-2EEF-48B8-9E26-B34A78287B71}.Debug|Any CPU.ActiveCfg = Debug|Any CPU
		{EFE20A9D-2EEF-48B8-9E26-B34A78287B71}.Debug|Any CPU.Build.0 = Debug|Any CPU
		{EFE20A9D-2EEF-48B8-9E26-B34A78287B71}.Debug|ARM.ActiveCfg = Debug|Any CPU
		{EFE20A9D-2EEF-48B8-9E26-B34A78287B71}.Debug|ARM.Build.0 = Debug|Any CPU
		{EFE20A9D-2EEF-48B8-9E26-B34A78287B71}.Debug|ARM64.ActiveCfg = Debug|Any CPU
		{EFE20A9D-2EEF-48B8-9E26-B34A78287B71}.Debug|ARM64.Build.0 = Debug|Any CPU
		{EFE20A9D-2EEF-48B8-9E26-B34A78287B71}.Debug|x64.ActiveCfg = Debug|Any CPU
		{EFE20A9D-2EEF-48B8-9E26-B34A78287B71}.Debug|x64.Build.0 = Debug|Any CPU
		{EFE20A9D-2EEF-48B8-9E26-B34A78287B71}.Debug|x86.ActiveCfg = Debug|Any CPU
		{EFE20A9D-2EEF-48B8-9E26-B34A78287B71}.Debug|x86.Build.0 = Debug|Any CPU
		{EFE20A9D-2EEF-48B8-9E26-B34A78287B71}.Release|Any CPU.ActiveCfg = Release|Any CPU
		{EFE20A9D-2EEF-48B8-9E26-B34A78287B71}.Release|Any CPU.Build.0 = Release|Any CPU
		{EFE20A9D-2EEF-48B8-9E26-B34A78287B71}.Release|ARM.ActiveCfg = Release|Any CPU
		{EFE20A9D-2EEF-48B8-9E26-B34A78287B71}.Release|ARM.Build.0 = Release|Any CPU
		{EFE20A9D-2EEF-48B8-9E26-B34A78287B71}.Release|ARM64.ActiveCfg = Release|Any CPU
		{EFE20A9D-2EEF-48B8-9E26-B34A78287B71}.Release|ARM64.Build.0 = Release|Any CPU
		{EFE20A9D-2EEF-48B8-9E26-B34A78287B71}.Release|x64.ActiveCfg = Release|Any CPU
		{EFE20A9D-2EEF-48B8-9E26-B34A78287B71}.Release|x64.Build.0 = Release|Any CPU
		{EFE20A9D-2EEF-48B8-9E26-B34A78287B71}.Release|x86.ActiveCfg = Release|Any CPU
		{EFE20A9D-2EEF-48B8-9E26-B34A78287B71}.Release|x86.Build.0 = Release|Any CPU
		{F9DA50D8-6962-40FC-A9E1-71F5C34D757E}.Debug|Any CPU.ActiveCfg = Debug|Any CPU
		{F9DA50D8-6962-40FC-A9E1-71F5C34D757E}.Debug|Any CPU.Build.0 = Debug|Any CPU
		{F9DA50D8-6962-40FC-A9E1-71F5C34D757E}.Debug|ARM.ActiveCfg = Debug|Any CPU
		{F9DA50D8-6962-40FC-A9E1-71F5C34D757E}.Debug|ARM.Build.0 = Debug|Any CPU
		{F9DA50D8-6962-40FC-A9E1-71F5C34D757E}.Debug|ARM64.ActiveCfg = Debug|Any CPU
		{F9DA50D8-6962-40FC-A9E1-71F5C34D757E}.Debug|ARM64.Build.0 = Debug|Any CPU
		{F9DA50D8-6962-40FC-A9E1-71F5C34D757E}.Debug|x64.ActiveCfg = Debug|Any CPU
		{F9DA50D8-6962-40FC-A9E1-71F5C34D757E}.Debug|x64.Build.0 = Debug|Any CPU
		{F9DA50D8-6962-40FC-A9E1-71F5C34D757E}.Debug|x86.ActiveCfg = Debug|Any CPU
		{F9DA50D8-6962-40FC-A9E1-71F5C34D757E}.Debug|x86.Build.0 = Debug|Any CPU
		{F9DA50D8-6962-40FC-A9E1-71F5C34D757E}.Release|Any CPU.ActiveCfg = Release|Any CPU
		{F9DA50D8-6962-40FC-A9E1-71F5C34D757E}.Release|Any CPU.Build.0 = Release|Any CPU
		{F9DA50D8-6962-40FC-A9E1-71F5C34D757E}.Release|ARM.ActiveCfg = Release|Any CPU
		{F9DA50D8-6962-40FC-A9E1-71F5C34D757E}.Release|ARM.Build.0 = Release|Any CPU
		{F9DA50D8-6962-40FC-A9E1-71F5C34D757E}.Release|ARM64.ActiveCfg = Release|Any CPU
		{F9DA50D8-6962-40FC-A9E1-71F5C34D757E}.Release|ARM64.Build.0 = Release|Any CPU
		{F9DA50D8-6962-40FC-A9E1-71F5C34D757E}.Release|x64.ActiveCfg = Release|Any CPU
		{F9DA50D8-6962-40FC-A9E1-71F5C34D757E}.Release|x64.Build.0 = Release|Any CPU
		{F9DA50D8-6962-40FC-A9E1-71F5C34D757E}.Release|x86.ActiveCfg = Release|Any CPU
		{F9DA50D8-6962-40FC-A9E1-71F5C34D757E}.Release|x86.Build.0 = Release|Any CPU
		{1478E351-C392-4444-B61D-B5163D48598E}.Debug|Any CPU.ActiveCfg = Debug|Any CPU
		{1478E351-C392-4444-B61D-B5163D48598E}.Debug|Any CPU.Build.0 = Debug|Any CPU
		{1478E351-C392-4444-B61D-B5163D48598E}.Debug|ARM.ActiveCfg = Debug|Any CPU
		{1478E351-C392-4444-B61D-B5163D48598E}.Debug|ARM.Build.0 = Debug|Any CPU
		{1478E351-C392-4444-B61D-B5163D48598E}.Debug|ARM64.ActiveCfg = Debug|Any CPU
		{1478E351-C392-4444-B61D-B5163D48598E}.Debug|ARM64.Build.0 = Debug|Any CPU
		{1478E351-C392-4444-B61D-B5163D48598E}.Debug|x64.ActiveCfg = Debug|Any CPU
		{1478E351-C392-4444-B61D-B5163D48598E}.Debug|x64.Build.0 = Debug|Any CPU
		{1478E351-C392-4444-B61D-B5163D48598E}.Debug|x86.ActiveCfg = Debug|Any CPU
		{1478E351-C392-4444-B61D-B5163D48598E}.Debug|x86.Build.0 = Debug|Any CPU
		{1478E351-C392-4444-B61D-B5163D48598E}.Release|Any CPU.ActiveCfg = Release|Any CPU
		{1478E351-C392-4444-B61D-B5163D48598E}.Release|Any CPU.Build.0 = Release|Any CPU
		{1478E351-C392-4444-B61D-B5163D48598E}.Release|ARM.ActiveCfg = Release|Any CPU
		{1478E351-C392-4444-B61D-B5163D48598E}.Release|ARM.Build.0 = Release|Any CPU
		{1478E351-C392-4444-B61D-B5163D48598E}.Release|ARM64.ActiveCfg = Release|Any CPU
		{1478E351-C392-4444-B61D-B5163D48598E}.Release|ARM64.Build.0 = Release|Any CPU
		{1478E351-C392-4444-B61D-B5163D48598E}.Release|x64.ActiveCfg = Release|Any CPU
		{1478E351-C392-4444-B61D-B5163D48598E}.Release|x64.Build.0 = Release|Any CPU
		{1478E351-C392-4444-B61D-B5163D48598E}.Release|x86.ActiveCfg = Release|Any CPU
		{1478E351-C392-4444-B61D-B5163D48598E}.Release|x86.Build.0 = Release|Any CPU
		{81F25427-CC32-4D3B-925A-5580B16E4D65}.Debug|Any CPU.ActiveCfg = Debug
		{81F25427-CC32-4D3B-925A-5580B16E4D65}.Debug|ARM.ActiveCfg = Debug
		{81F25427-CC32-4D3B-925A-5580B16E4D65}.Debug|ARM64.ActiveCfg = Debug
		{81F25427-CC32-4D3B-925A-5580B16E4D65}.Debug|x64.ActiveCfg = Debug
		{81F25427-CC32-4D3B-925A-5580B16E4D65}.Debug|x86.ActiveCfg = Debug
		{81F25427-CC32-4D3B-925A-5580B16E4D65}.Release|Any CPU.ActiveCfg = Release
		{81F25427-CC32-4D3B-925A-5580B16E4D65}.Release|ARM.ActiveCfg = Release
		{81F25427-CC32-4D3B-925A-5580B16E4D65}.Release|ARM64.ActiveCfg = Release
		{81F25427-CC32-4D3B-925A-5580B16E4D65}.Release|x64.ActiveCfg = Release
		{81F25427-CC32-4D3B-925A-5580B16E4D65}.Release|x86.ActiveCfg = Release
	EndGlobalSection
	GlobalSection(SolutionProperties) = preSolution
		HideSolutionNode = FALSE
	EndGlobalSection
	GlobalSection(ExtensibilityGlobals) = postSolution
		SolutionGuid = {64816D57-B474-4612-AE34-0A6CBB5D2963}
	EndGlobalSection
EndGlobal
